
Microsoft Visual Studio Solution File, Format Version 12.00
# Visual Studio Version 17
VisualStudioVersion = 17.14.36429.23 d17.14
MinimumVisualStudioVersion = 10.0.40219.1
Project("{FAE04EC0-301F-11D3-BF4B-00C04F79EFBC}") = "SistemaCartasAutorizacion", "SistemaCartasAutorizacion.csproj", "{46D45EE6-9B02-4388-B32C-778B1AD479D0}"
EndProject
Global
	GlobalSection(SolutionConfigurationPlatforms) = preSolution
		Debug|Any CPU = Debug|Any CPU
		Release|Any CPU = Release|Any CPU
	EndGlobalSection
	GlobalSection(ProjectConfigurationPlatforms) = postSolution
		{46D45EE6-9B02-4388-B32C-778B1AD479D0}.Debug|Any CPU.ActiveCfg = Debug|Any CPU
		{46D45EE6-9B02-4388-B32C-778B1AD479D0}.Debug|Any CPU.Build.0 = Debug|Any CPU
		{46D45EE6-9B02-4388-B32C-778B1AD479D0}.Release|Any CPU.ActiveCfg = Release|Any CPU
		{46D45EE6-9B02-4388-B32C-778B1AD479D0}.Release|Any CPU.Build.0 = Release|Any CPU
	EndGlobalSection
	GlobalSection(SolutionProperties) = preSolution
		HideSolutionNode = FALSE
	EndGlobalSection
	GlobalSection(ExtensibilityGlobals) = postSolution
		SolutionGuid = {8BF280B6-CB88-498F-98E7-00015B969AC4}
	EndGlobalSection
EndGlobal
